
Microsoft Visual Studio Solution File, Format Version 12.00
Project("{FAE04EC0-301F-11D3-BF4B-00C04F79EFBC}") = "SwaggerTest", "SwaggerTest\SwaggerTest.csproj", "{A70BB61F-7C8F-44EE-ABF9-666359770B82}"
EndProject
Global
	GlobalSection(SolutionConfigurationPlatforms) = preSolution
		Debug|Any CPU = Debug|Any CPU
		Release|Any CPU = Release|Any CPU
	EndGlobalSection
	GlobalSection(ProjectConfigurationPlatforms) = postSolution
		{A70BB61F-7C8F-44EE-ABF9-666359770B82}.Debug|Any CPU.ActiveCfg = Debug|Any CPU
		{A70BB61F-7C8F-44EE-ABF9-666359770B82}.Debug|Any CPU.Build.0 = Debug|Any CPU
		{A70BB61F-7C8F-44EE-ABF9-666359770B82}.Release|Any CPU.ActiveCfg = Release|Any CPU
		{A70BB61F-7C8F-44EE-ABF9-666359770B82}.Release|Any CPU.Build.0 = Release|Any CPU
	EndGlobalSection
EndGlobal
